
Microsoft Visual Studio Solution File, Format Version 12.00
# Visual Studio Version 16
VisualStudioVersion = 16.0.30114.105
MinimumVisualStudioVersion = 10.0.40219.1
Project("{2150E333-8FDC-42A3-9474-1A3956D46DE8}") = "src", "src", "{F56C7A4A-9802-4612-A97A-0C2162EAFA50}"
EndProject
Project("{FAE04EC0-301F-11D3-BF4B-00C04F79EFBC}") = "TheNoobs.Requirements", "src\TheNoobs.Requirements\TheNoobs.Requirements.csproj", "{ED8F9D65-A353-4617-BDDB-29D4745E81FB}"
EndProject
Project("{2150E333-8FDC-42A3-9474-1A3956D46DE8}") = "tests", "tests", "{CE55E876-F3CD-4E52-A6E2-711C9E1FC7C5}"
EndProject
Project("{FAE04EC0-301F-11D3-BF4B-00C04F79EFBC}") = "TheNoobs.Requirements.UnitTests", "tests\TheNoobs.Requirements.UnitTests\TheNoobs.Requirements.UnitTests.csproj", "{5971B484-DCC3-4D9F-8E53-68CA31ABF2AD}"
EndProject
Global
	GlobalSection(SolutionConfigurationPlatforms) = preSolution
		Debug|Any CPU = Debug|Any CPU
		Release|Any CPU = Release|Any CPU
	EndGlobalSection
	GlobalSection(SolutionProperties) = preSolution
		HideSolutionNode = FALSE
	EndGlobalSection
	GlobalSection(ProjectConfigurationPlatforms) = postSolution
		{ED8F9D65-A353-4617-BDDB-29D4745E81FB}.Debug|Any CPU.ActiveCfg = Debug|Any CPU
		{ED8F9D65-A353-4617-BDDB-29D4745E81FB}.Debug|Any CPU.Build.0 = Debug|Any CPU
		{ED8F9D65-A353-4617-BDDB-29D4745E81FB}.Release|Any CPU.ActiveCfg = Release|Any CPU
		{ED8F9D65-A353-4617-BDDB-29D4745E81FB}.Release|Any CPU.Build.0 = Release|Any CPU
		{5971B484-DCC3-4D9F-8E53-68CA31ABF2AD}.Debug|Any CPU.ActiveCfg = Debug|Any CPU
		{5971B484-DCC3-4D9F-8E53-68CA31ABF2AD}.Debug|Any CPU.Build.0 = Debug|Any CPU
		{5971B484-DCC3-4D9F-8E53-68CA31ABF2AD}.Release|Any CPU.ActiveCfg = Release|Any CPU
		{5971B484-DCC3-4D9F-8E53-68CA31ABF2AD}.Release|Any CPU.Build.0 = Release|Any CPU
	EndGlobalSection
	GlobalSection(NestedProjects) = preSolution
		{ED8F9D65-A353-4617-BDDB-29D4745E81FB} = {F56C7A4A-9802-4612-A97A-0C2162EAFA50}
		{5971B484-DCC3-4D9F-8E53-68CA31ABF2AD} = {CE55E876-F3CD-4E52-A6E2-711C9E1FC7C5}
	EndGlobalSection
EndGlobal
