
Microsoft Visual Studio Solution File, Format Version 12.00
# Visual Studio Version 16
VisualStudioVersion = 16.0.30114.105
MinimumVisualStudioVersion = 10.0.40219.1
Project("{2150E333-8FDC-42A3-9474-1A3956D46DE8}") = "src", "src", "{7299C2BF-2D0B-45E8-9CBA-AEA6B38A2C60}"
EndProject
Project("{FAE04EC0-301F-11D3-BF4B-00C04F79EFBC}") = "TRRequirement.Core", "src\Core\TRRequirement.Core.csproj", "{DB49A73C-2BDC-4924-A659-410BDD395270}"
EndProject
Project("{2150E333-8FDC-42A3-9474-1A3956D46DE8}") = "tests", "tests", "{98748680-3E52-404D-909D-EE36D5C861FF}"
EndProject
Project("{FAE04EC0-301F-11D3-BF4B-00C04F79EFBC}") = "TRRequirement.Core.Tests", "tests\Core.Tests\TRRequirement.Core.Tests.csproj", "{57403F12-A8E3-4AEE-9DEC-B2CFDBF22BD4}"
EndProject
Global
	GlobalSection(SolutionConfigurationPlatforms) = preSolution
		Debug|Any CPU = Debug|Any CPU
		Release|Any CPU = Release|Any CPU
	EndGlobalSection
	GlobalSection(SolutionProperties) = preSolution
		HideSolutionNode = FALSE
	EndGlobalSection
	GlobalSection(ProjectConfigurationPlatforms) = postSolution
		{DB49A73C-2BDC-4924-A659-410BDD395270}.Debug|Any CPU.ActiveCfg = Debug|Any CPU
		{DB49A73C-2BDC-4924-A659-410BDD395270}.Debug|Any CPU.Build.0 = Debug|Any CPU
		{DB49A73C-2BDC-4924-A659-410BDD395270}.Release|Any CPU.ActiveCfg = Release|Any CPU
		{DB49A73C-2BDC-4924-A659-410BDD395270}.Release|Any CPU.Build.0 = Release|Any CPU
		{57403F12-A8E3-4AEE-9DEC-B2CFDBF22BD4}.Debug|Any CPU.ActiveCfg = Debug|Any CPU
		{57403F12-A8E3-4AEE-9DEC-B2CFDBF22BD4}.Debug|Any CPU.Build.0 = Debug|Any CPU
		{57403F12-A8E3-4AEE-9DEC-B2CFDBF22BD4}.Release|Any CPU.ActiveCfg = Release|Any CPU
		{57403F12-A8E3-4AEE-9DEC-B2CFDBF22BD4}.Release|Any CPU.Build.0 = Release|Any CPU
	EndGlobalSection
	GlobalSection(NestedProjects) = preSolution
		{DB49A73C-2BDC-4924-A659-410BDD395270} = {7299C2BF-2D0B-45E8-9CBA-AEA6B38A2C60}
		{57403F12-A8E3-4AEE-9DEC-B2CFDBF22BD4} = {98748680-3E52-404D-909D-EE36D5C861FF}
	EndGlobalSection
EndGlobal
